
Microsoft Visual Studio Solution File, Format Version 10.00
# Visual Studio 2008
Project("{8BC9CEB8-8B4A-11D0-8D11-00A0C91BC942}") = "Recognizer", "Recognizer.vcproj", "{2B01A357-83F5-43AE-9743-D03ACEBB5EDB}"
EndProject
Global
	GlobalSection(SolutionConfigurationPlatforms) = preSolution
		Debug|Win32 = Debug|Win32
		Release|Win32 = Release|Win32
	EndGlobalSection
	GlobalSection(ProjectConfigurationPlatforms) = postSolution
		{2B01A357-83F5-43AE-9743-D03ACEBB5EDB}.Debug|Win32.ActiveCfg = Debug|Win32
		{2B01A357-83F5-43AE-9743-D03ACEBB5EDB}.Debug|Win32.Build.0 = Debug|Win32
		{2B01A357-83F5-43AE-9743-D03ACEBB5EDB}.Release|Win32.ActiveCfg = Release|Win32
		{2B01A357-83F5-43AE-9743-D03ACEBB5EDB}.Release|Win32.Build.0 = Release|Win32
	EndGlobalSection
	GlobalSection(SolutionProperties) = preSolution
		HideSolutionNode = FALSE
	EndGlobalSection
EndGlobal
